
Microsoft Visual Studio Solution File, Format Version 12.00
# Visual Studio Version 16
VisualStudioVersion = 16.0.31624.102
MinimumVisualStudioVersion = 10.0.40219.1
Project("{FAE04EC0-301F-11D3-BF4B-00C04F79EFBC}") = "Shape", "Shape\Shape.csproj", "{4A58FC17-0078-477B-81FF-664ED7B652E8}"
EndProject
Project("{FAE04EC0-301F-11D3-BF4B-00C04F79EFBC}") = "ShapeTests", "ShapeTests\ShapeTests.csproj", "{940033C7-923C-4EB5-8ACF-930C23F2520A}"
EndProject
Project("{2150E333-8FDC-42A3-9474-1A3956D46DE8}") = "Solution Items", "Solution Items", "{91FAF909-9A22-4F04-83A4-F199A9D3FDA3}"
	ProjectSection(SolutionItems) = preProject
		README.md = README.md
		Request.sql = Request.sql
	EndProjectSection
EndProject
Global
	GlobalSection(SolutionConfigurationPlatforms) = preSolution
		Debug|Any CPU = Debug|Any CPU
		Release|Any CPU = Release|Any CPU
	EndGlobalSection
	GlobalSection(ProjectConfigurationPlatforms) = postSolution
		{4A58FC17-0078-477B-81FF-664ED7B652E8}.Debug|Any CPU.ActiveCfg = Debug|Any CPU
		{4A58FC17-0078-477B-81FF-664ED7B652E8}.Debug|Any CPU.Build.0 = Debug|Any CPU
		{4A58FC17-0078-477B-81FF-664ED7B652E8}.Release|Any CPU.ActiveCfg = Release|Any CPU
		{4A58FC17-0078-477B-81FF-664ED7B652E8}.Release|Any CPU.Build.0 = Release|Any CPU
		{940033C7-923C-4EB5-8ACF-930C23F2520A}.Debug|Any CPU.ActiveCfg = Debug|Any CPU
		{940033C7-923C-4EB5-8ACF-930C23F2520A}.Debug|Any CPU.Build.0 = Debug|Any CPU
		{940033C7-923C-4EB5-8ACF-930C23F2520A}.Release|Any CPU.ActiveCfg = Release|Any CPU
		{940033C7-923C-4EB5-8ACF-930C23F2520A}.Release|Any CPU.Build.0 = Release|Any CPU
	EndGlobalSection
	GlobalSection(SolutionProperties) = preSolution
		HideSolutionNode = FALSE
	EndGlobalSection
	GlobalSection(ExtensibilityGlobals) = postSolution
		SolutionGuid = {C0B68B1E-50E9-4C50-8EEC-E4329539D914}
	EndGlobalSection
EndGlobal
